
Microsoft Visual Studio Solution File, Format Version 12.00
# Visual Studio Version 17
VisualStudioVersion = 17.2.32630.192
MinimumVisualStudioVersion = 10.0.40219.1
Project("{8BC9CEB8-8B4A-11D0-8D11-00A0C91BC942}") = "MasterMindV2", "MasterMindV2\MasterMindV2.vcxproj", "{26EA7F5E-32CB-4835-81D1-1A230692E0F1}"
EndProject
Project("{8BC9CEB8-8B4A-11D0-8D11-00A0C91BC942}") = "CubosNarcicistas", "CubosNarcicistas\CubosNarcicistas.vcxproj", "{9C54A95A-298C-4783-A8B3-0DEB10E20FB4}"
EndProject
Project("{8BC9CEB8-8B4A-11D0-8D11-00A0C91BC942}") = "Pilas(Stack)", "Pilas(Stack)\Pilas(Stack).vcxproj", "{57544024-C016-4C2D-A8AC-A9F70D6B615D}"
EndProject
Project("{8BC9CEB8-8B4A-11D0-8D11-00A0C91BC942}") = "Colas(Queues)", "Colas(Queues)\Colas(Queues).vcxproj", "{CE7857BF-757C-46EC-86FB-05F3FB758FAE}"
EndProject
Project("{8BC9CEB8-8B4A-11D0-8D11-00A0C91BC942}") = "ListasEnlazadas(LinkedList)", "ListasEnlazadas(LinkedList)\ListasEnlazadas(LinkedList).vcxproj", "{73EC686E-381A-472D-852A-52F8D85E1FB8}"
EndProject
Project("{8BC9CEB8-8B4A-11D0-8D11-00A0C91BC942}") = "FrecuenciaCaracter", "FrecuenciaCaracter\FrecuenciaCaracter.vcxproj", "{916324CC-98FA-493C-82D3-45E91A97C32E}"
EndProject
Global
	GlobalSection(SolutionConfigurationPlatforms) = preSolution
		Debug|x64 = Debug|x64
		Debug|x86 = Debug|x86
		Release|x64 = Release|x64
		Release|x86 = Release|x86
	EndGlobalSection
	GlobalSection(ProjectConfigurationPlatforms) = postSolution
		{26EA7F5E-32CB-4835-81D1-1A230692E0F1}.Debug|x64.ActiveCfg = Debug|x64
		{26EA7F5E-32CB-4835-81D1-1A230692E0F1}.Debug|x64.Build.0 = Debug|x64
		{26EA7F5E-32CB-4835-81D1-1A230692E0F1}.Debug|x86.ActiveCfg = Debug|Win32
		{26EA7F5E-32CB-4835-81D1-1A230692E0F1}.Debug|x86.Build.0 = Debug|Win32
		{26EA7F5E-32CB-4835-81D1-1A230692E0F1}.Release|x64.ActiveCfg = Release|x64
		{26EA7F5E-32CB-4835-81D1-1A230692E0F1}.Release|x64.Build.0 = Release|x64
		{26EA7F5E-32CB-4835-81D1-1A230692E0F1}.Release|x86.ActiveCfg = Release|Win32
		{26EA7F5E-32CB-4835-81D1-1A230692E0F1}.Release|x86.Build.0 = Release|Win32
		{9C54A95A-298C-4783-A8B3-0DEB10E20FB4}.Debug|x64.ActiveCfg = Debug|x64
		{9C54A95A-298C-4783-A8B3-0DEB10E20FB4}.Debug|x64.Build.0 = Debug|x64
		{9C54A95A-298C-4783-A8B3-0DEB10E20FB4}.Debug|x86.ActiveCfg = Debug|Win32
		{9C54A95A-298C-4783-A8B3-0DEB10E20FB4}.Debug|x86.Build.0 = Debug|Win32
		{9C54A95A-298C-4783-A8B3-0DEB10E20FB4}.Release|x64.ActiveCfg = Release|x64
		{9C54A95A-298C-4783-A8B3-0DEB10E20FB4}.Release|x64.Build.0 = Release|x64
		{9C54A95A-298C-4783-A8B3-0DEB10E20FB4}.Release|x86.ActiveCfg = Release|Win32
		{9C54A95A-298C-4783-A8B3-0DEB10E20FB4}.Release|x86.Build.0 = Release|Win32
		{57544024-C016-4C2D-A8AC-A9F70D6B615D}.Debug|x64.ActiveCfg = Debug|x64
		{57544024-C016-4C2D-A8AC-A9F70D6B615D}.Debug|x64.Build.0 = Debug|x64
		{57544024-C016-4C2D-A8AC-A9F70D6B615D}.Debug|x86.ActiveCfg = Debug|Win32
		{57544024-C016-4C2D-A8AC-A9F70D6B615D}.Debug|x86.Build.0 = Debug|Win32
		{57544024-C016-4C2D-A8AC-A9F70D6B615D}.Release|x64.ActiveCfg = Release|x64
		{57544024-C016-4C2D-A8AC-A9F70D6B615D}.Release|x64.Build.0 = Release|x64
		{57544024-C016-4C2D-A8AC-A9F70D6B615D}.Release|x86.ActiveCfg = Release|Win32
		{57544024-C016-4C2D-A8AC-A9F70D6B615D}.Release|x86.Build.0 = Release|Win32
		{CE7857BF-757C-46EC-86FB-05F3FB758FAE}.Debug|x64.ActiveCfg = Debug|x64
		{CE7857BF-757C-46EC-86FB-05F3FB758FAE}.Debug|x64.Build.0 = Debug|x64
		{CE7857BF-757C-46EC-86FB-05F3FB758FAE}.Debug|x86.ActiveCfg = Debug|Win32
		{CE7857BF-757C-46EC-86FB-05F3FB758FAE}.Debug|x86.Build.0 = Debug|Win32
		{CE7857BF-757C-46EC-86FB-05F3FB758FAE}.Release|x64.ActiveCfg = Release|x64
		{CE7857BF-757C-46EC-86FB-05F3FB758FAE}.Release|x64.Build.0 = Release|x64
		{CE7857BF-757C-46EC-86FB-05F3FB758FAE}.Release|x86.ActiveCfg = Release|Win32
		{CE7857BF-757C-46EC-86FB-05F3FB758FAE}.Release|x86.Build.0 = Release|Win32
		{73EC686E-381A-472D-852A-52F8D85E1FB8}.Debug|x64.ActiveCfg = Debug|x64
		{73EC686E-381A-472D-852A-52F8D85E1FB8}.Debug|x64.Build.0 = Debug|x64
		{73EC686E-381A-472D-852A-52F8D85E1FB8}.Debug|x86.ActiveCfg = Debug|Win32
		{73EC686E-381A-472D-852A-52F8D85E1FB8}.Debug|x86.Build.0 = Debug|Win32
		{73EC686E-381A-472D-852A-52F8D85E1FB8}.Release|x64.ActiveCfg = Release|x64
		{73EC686E-381A-472D-852A-52F8D85E1FB8}.Release|x64.Build.0 = Release|x64
		{73EC686E-381A-472D-852A-52F8D85E1FB8}.Release|x86.ActiveCfg = Release|Win32
		{73EC686E-381A-472D-852A-52F8D85E1FB8}.Release|x86.Build.0 = Release|Win32
		{916324CC-98FA-493C-82D3-45E91A97C32E}.Debug|x64.ActiveCfg = Debug|x64
		{916324CC-98FA-493C-82D3-45E91A97C32E}.Debug|x64.Build.0 = Debug|x64
		{916324CC-98FA-493C-82D3-45E91A97C32E}.Debug|x86.ActiveCfg = Debug|Win32
		{916324CC-98FA-493C-82D3-45E91A97C32E}.Debug|x86.Build.0 = Debug|Win32
		{916324CC-98FA-493C-82D3-45E91A97C32E}.Release|x64.ActiveCfg = Release|x64
		{916324CC-98FA-493C-82D3-45E91A97C32E}.Release|x64.Build.0 = Release|x64
		{916324CC-98FA-493C-82D3-45E91A97C32E}.Release|x86.ActiveCfg = Release|Win32
		{916324CC-98FA-493C-82D3-45E91A97C32E}.Release|x86.Build.0 = Release|Win32
	EndGlobalSection
	GlobalSection(SolutionProperties) = preSolution
		HideSolutionNode = FALSE
	EndGlobalSection
	GlobalSection(ExtensibilityGlobals) = postSolution
		SolutionGuid = {2E899931-E010-46D4-A405-3A4CC71BFE3A}
	EndGlobalSection
EndGlobal
